{
  "name": "lab-demo",
  "version": "1.0.0",
  "lockfileVersion": 3,
  "requires": true,
  "packages": {
    "": {
      "name": "lab-demo",
      "version": "1.0.0",
      "dependencies": {
        "lab-core": "file:../lab-core"
      }
    },
    "../lab-core": {
      "version": "1.0.0",
      "license": "MIT"
    },
    "node_modules/lab-core": {
      "resolved": "../lab-core",
      "link": true
    }
  }
}
